
Microsoft Visual Studio Solution File, Format Version 12.00
# Visual Studio Version 17
VisualStudioVersion = 17.2.32630.192
MinimumVisualStudioVersion = 10.0.40219.1
Project("{FAE04EC0-301F-11D3-BF4B-00C04F79EFBC}") = "MovieMVCApp", "MovieMVCApp\MovieMVCApp.csproj", "{6C43574F-EB02-41A3-B1F7-B98A472149EF}"
EndProject
Project("{FAE04EC0-301F-11D3-BF4B-00C04F79EFBC}") = "MovieBusinessLayer", "MovieBusinessLayer\MovieBusinessLayer.csproj", "{0E123D81-4F5D-4503-BBF9-449EB8974205}"
EndProject
Project("{FAE04EC0-301F-11D3-BF4B-00C04F79EFBC}") = "MovieDataLayer", "MovieDataLayer\MovieDataLayer.csproj", "{A46106BF-D305-46B4-90F3-901CE34BC382}"
EndProject
Global
	GlobalSection(SolutionConfigurationPlatforms) = preSolution
		Debug|Any CPU = Debug|Any CPU
		Release|Any CPU = Release|Any CPU
	EndGlobalSection
	GlobalSection(ProjectConfigurationPlatforms) = postSolution
		{6C43574F-EB02-41A3-B1F7-B98A472149EF}.Debug|Any CPU.ActiveCfg = Debug|Any CPU
		{6C43574F-EB02-41A3-B1F7-B98A472149EF}.Debug|Any CPU.Build.0 = Debug|Any CPU
		{6C43574F-EB02-41A3-B1F7-B98A472149EF}.Release|Any CPU.ActiveCfg = Release|Any CPU
		{6C43574F-EB02-41A3-B1F7-B98A472149EF}.Release|Any CPU.Build.0 = Release|Any CPU
		{0E123D81-4F5D-4503-BBF9-449EB8974205}.Debug|Any CPU.ActiveCfg = Debug|Any CPU
		{0E123D81-4F5D-4503-BBF9-449EB8974205}.Debug|Any CPU.Build.0 = Debug|Any CPU
		{0E123D81-4F5D-4503-BBF9-449EB8974205}.Release|Any CPU.ActiveCfg = Release|Any CPU
		{0E123D81-4F5D-4503-BBF9-449EB8974205}.Release|Any CPU.Build.0 = Release|Any CPU
		{A46106BF-D305-46B4-90F3-901CE34BC382}.Debug|Any CPU.ActiveCfg = Debug|Any CPU
		{A46106BF-D305-46B4-90F3-901CE34BC382}.Debug|Any CPU.Build.0 = Debug|Any CPU
		{A46106BF-D305-46B4-90F3-901CE34BC382}.Release|Any CPU.ActiveCfg = Release|Any CPU
		{A46106BF-D305-46B4-90F3-901CE34BC382}.Release|Any CPU.Build.0 = Release|Any CPU
	EndGlobalSection
	GlobalSection(SolutionProperties) = preSolution
		HideSolutionNode = FALSE
	EndGlobalSection
	GlobalSection(ExtensibilityGlobals) = postSolution
		SolutionGuid = {1C12850A-1B9F-471D-BB23-51E2E626687D}
	EndGlobalSection
EndGlobal
